
Microsoft Visual Studio Solution File, Format Version 12.00
# Visual Studio Version 17
VisualStudioVersion = 17.14.36301.6 d17.14
MinimumVisualStudioVersion = 10.0.40219.1
Project("{FAE04EC0-301F-11D3-BF4B-00C04F79EFBC}") = "GugaMatchavariani_EF", "GugaMatchavariani_EF.csproj", "{FC79C66E-DE30-49C5-8831-47F291C1B105}"
EndProject
Global
	GlobalSection(SolutionConfigurationPlatforms) = preSolution
		Debug|Any CPU = Debug|Any CPU
		Release|Any CPU = Release|Any CPU
	EndGlobalSection
	GlobalSection(ProjectConfigurationPlatforms) = postSolution
		{FC79C66E-DE30-49C5-8831-47F291C1B105}.Debug|Any CPU.ActiveCfg = Debug|Any CPU
		{FC79C66E-DE30-49C5-8831-47F291C1B105}.Debug|Any CPU.Build.0 = Debug|Any CPU
		{FC79C66E-DE30-49C5-8831-47F291C1B105}.Release|Any CPU.ActiveCfg = Release|Any CPU
		{FC79C66E-DE30-49C5-8831-47F291C1B105}.Release|Any CPU.Build.0 = Release|Any CPU
	EndGlobalSection
	GlobalSection(SolutionProperties) = preSolution
		HideSolutionNode = FALSE
	EndGlobalSection
	GlobalSection(ExtensibilityGlobals) = postSolution
		SolutionGuid = {000544D7-02D1-41B2-8977-C0DC46706579}
	EndGlobalSection
EndGlobal
